
Microsoft Visual Studio Solution File, Format Version 12.00
# Visual Studio Version 16
VisualStudioVersion = 16.0.29519.87
MinimumVisualStudioVersion = 10.0.40219.1
Project("{FAE04EC0-301F-11D3-BF4B-00C04F79EFBC}") = "BuilderPattern", "BuilderPattern\BuilderPattern.csproj", "{7AA9D9C5-5888-4EB1-BF03-B33AF9107F0D}"
EndProject
Global
	GlobalSection(SolutionConfigurationPlatforms) = preSolution
		Debug|Any CPU = Debug|Any CPU
		Release|Any CPU = Release|Any CPU
	EndGlobalSection
	GlobalSection(ProjectConfigurationPlatforms) = postSolution
		{7AA9D9C5-5888-4EB1-BF03-B33AF9107F0D}.Debug|Any CPU.ActiveCfg = Debug|Any CPU
		{7AA9D9C5-5888-4EB1-BF03-B33AF9107F0D}.Debug|Any CPU.Build.0 = Debug|Any CPU
		{7AA9D9C5-5888-4EB1-BF03-B33AF9107F0D}.Release|Any CPU.ActiveCfg = Release|Any CPU
		{7AA9D9C5-5888-4EB1-BF03-B33AF9107F0D}.Release|Any CPU.Build.0 = Release|Any CPU
	EndGlobalSection
	GlobalSection(SolutionProperties) = preSolution
		HideSolutionNode = FALSE
	EndGlobalSection
	GlobalSection(ExtensibilityGlobals) = postSolution
		SolutionGuid = {2F0B738E-210F-4C6D-96EC-1A513B7A836E}
	EndGlobalSection
EndGlobal
